
Microsoft Visual Studio Solution File, Format Version 12.00
# Visual Studio Version 17
VisualStudioVersion = 17.0.31912.275
MinimumVisualStudioVersion = 10.0.40219.1
Project("{2150E333-8FDC-42A3-9474-1A3956D46DE8}") = "Tests", "Tests", "{3EA470FF-B66A-400C-929F-D01C462F1FB6}"
EndProject
Project("{9A19103F-16F7-4668-BE54-9A1E7A4F7556}") = "TvShowTracker.Api", "TvShowTracker.Api\TvShowTracker.Api.csproj", "{BFE38AD8-983E-43DE-AD13-FCDD9F5F2207}"
EndProject
Project("{9A19103F-16F7-4668-BE54-9A1E7A4F7556}") = "TvShowTracker.DataAccessLayer", "TvShowTracker.DataAccessLayer\TvShowTracker.DataAccessLayer.csproj", "{FC734B77-8B3E-4EF5-9BB5-040CE84E6BE9}"
EndProject
Project("{9A19103F-16F7-4668-BE54-9A1E7A4F7556}") = "TvShowTracker.Domain", "TvShowTracker.Domain\TvShowTracker.Domain.csproj", "{2442A3D7-FBDD-4CB5-BC71-30CA50ED787A}"
EndProject
Project("{9A19103F-16F7-4668-BE54-9A1E7A4F7556}") = "TvShowTracker.Infrastructure", "TvShowTracker.Infrastructure\TvShowTracker.Infrastructure.csproj", "{B6F65456-4EA6-492F-89BE-74CDD0453E25}"
EndProject
Project("{9A19103F-16F7-4668-BE54-9A1E7A4F7556}") = "TvShowTracker.Background.Worker", "TvShowTracker.Background.Worker\TvShowTracker.Background.Worker.csproj", "{1DB5617A-0CF2-4441-9476-1E3A4B070435}"
EndProject
Project("{FAE04EC0-301F-11D3-BF4B-00C04F79EFBC}") = "TvShowTracker.Infrastructure.Tests", "TvShowTracker.Infrastructure.Tests\TvShowTracker.Infrastructure.Tests.csproj", "{AAD9E22E-70A0-4285-B405-7FB5C775F893}"
EndProject
Project("{FAE04EC0-301F-11D3-BF4B-00C04F79EFBC}") = "TvShowTracker.Api.Tests", "TvShowTracker.Api.Tests\TvShowTracker.Api.Tests.csproj", "{D7D5A887-1000-4D42-A8AE-7BA5982F2F00}"
EndProject
Global
	GlobalSection(SolutionConfigurationPlatforms) = preSolution
		Debug|Any CPU = Debug|Any CPU
		Release|Any CPU = Release|Any CPU
	EndGlobalSection
	GlobalSection(ProjectConfigurationPlatforms) = postSolution
		{BFE38AD8-983E-43DE-AD13-FCDD9F5F2207}.Debug|Any CPU.ActiveCfg = Debug|Any CPU
		{BFE38AD8-983E-43DE-AD13-FCDD9F5F2207}.Debug|Any CPU.Build.0 = Debug|Any CPU
		{BFE38AD8-983E-43DE-AD13-FCDD9F5F2207}.Release|Any CPU.ActiveCfg = Release|Any CPU
		{BFE38AD8-983E-43DE-AD13-FCDD9F5F2207}.Release|Any CPU.Build.0 = Release|Any CPU
		{FC734B77-8B3E-4EF5-9BB5-040CE84E6BE9}.Debug|Any CPU.ActiveCfg = Debug|Any CPU
		{FC734B77-8B3E-4EF5-9BB5-040CE84E6BE9}.Debug|Any CPU.Build.0 = Debug|Any CPU
		{FC734B77-8B3E-4EF5-9BB5-040CE84E6BE9}.Release|Any CPU.ActiveCfg = Release|Any CPU
		{FC734B77-8B3E-4EF5-9BB5-040CE84E6BE9}.Release|Any CPU.Build.0 = Release|Any CPU
		{2442A3D7-FBDD-4CB5-BC71-30CA50ED787A}.Debug|Any CPU.ActiveCfg = Debug|Any CPU
		{2442A3D7-FBDD-4CB5-BC71-30CA50ED787A}.Debug|Any CPU.Build.0 = Debug|Any CPU
		{2442A3D7-FBDD-4CB5-BC71-30CA50ED787A}.Release|Any CPU.ActiveCfg = Release|Any CPU
		{2442A3D7-FBDD-4CB5-BC71-30CA50ED787A}.Release|Any CPU.Build.0 = Release|Any CPU
		{B6F65456-4EA6-492F-89BE-74CDD0453E25}.Debug|Any CPU.ActiveCfg = Debug|Any CPU
		{B6F65456-4EA6-492F-89BE-74CDD0453E25}.Debug|Any CPU.Build.0 = Debug|Any CPU
		{B6F65456-4EA6-492F-89BE-74CDD0453E25}.Release|Any CPU.ActiveCfg = Release|Any CPU
		{B6F65456-4EA6-492F-89BE-74CDD0453E25}.Release|Any CPU.Build.0 = Release|Any CPU
		{1DB5617A-0CF2-4441-9476-1E3A4B070435}.Debug|Any CPU.ActiveCfg = Debug|Any CPU
		{1DB5617A-0CF2-4441-9476-1E3A4B070435}.Debug|Any CPU.Build.0 = Debug|Any CPU
		{1DB5617A-0CF2-4441-9476-1E3A4B070435}.Release|Any CPU.ActiveCfg = Release|Any CPU
		{1DB5617A-0CF2-4441-9476-1E3A4B070435}.Release|Any CPU.Build.0 = Release|Any CPU
		{AAD9E22E-70A0-4285-B405-7FB5C775F893}.Debug|Any CPU.ActiveCfg = Debug|Any CPU
		{AAD9E22E-70A0-4285-B405-7FB5C775F893}.Debug|Any CPU.Build.0 = Debug|Any CPU
		{AAD9E22E-70A0-4285-B405-7FB5C775F893}.Release|Any CPU.ActiveCfg = Release|Any CPU
		{AAD9E22E-70A0-4285-B405-7FB5C775F893}.Release|Any CPU.Build.0 = Release|Any CPU
		{D7D5A887-1000-4D42-A8AE-7BA5982F2F00}.Debug|Any CPU.ActiveCfg = Debug|Any CPU
		{D7D5A887-1000-4D42-A8AE-7BA5982F2F00}.Debug|Any CPU.Build.0 = Debug|Any CPU
		{D7D5A887-1000-4D42-A8AE-7BA5982F2F00}.Release|Any CPU.ActiveCfg = Release|Any CPU
		{D7D5A887-1000-4D42-A8AE-7BA5982F2F00}.Release|Any CPU.Build.0 = Release|Any CPU
	EndGlobalSection
	GlobalSection(SolutionProperties) = preSolution
		HideSolutionNode = FALSE
	EndGlobalSection
	GlobalSection(NestedProjects) = preSolution
		{AAD9E22E-70A0-4285-B405-7FB5C775F893} = {3EA470FF-B66A-400C-929F-D01C462F1FB6}
		{D7D5A887-1000-4D42-A8AE-7BA5982F2F00} = {3EA470FF-B66A-400C-929F-D01C462F1FB6}
	EndGlobalSection
	GlobalSection(ExtensibilityGlobals) = postSolution
		SolutionGuid = {FAFE8B35-E684-4280-949C-F5A61C72BA94}
	EndGlobalSection
EndGlobal
